
Microsoft Visual Studio Solution File, Format Version 12.00
# Visual Studio Version 16
VisualStudioVersion = 16.0.30114.105
MinimumVisualStudioVersion = 10.0.40219.1
Project("{FAE04EC0-301F-11D3-BF4B-00C04F79EFBC}") = "SVAPI", "SVAPI.csproj", "{73B1DBF8-8A40-4F74-98AD-E7D58A947461}"
EndProject
Global
	GlobalSection(SolutionConfigurationPlatforms) = preSolution
		Debug|Any CPU = Debug|Any CPU
		Release|Any CPU = Release|Any CPU
	EndGlobalSection
	GlobalSection(ProjectConfigurationPlatforms) = postSolution
		{73B1DBF8-8A40-4F74-98AD-E7D58A947461}.Debug|Any CPU.ActiveCfg = Debug|Any CPU
		{73B1DBF8-8A40-4F74-98AD-E7D58A947461}.Debug|Any CPU.Build.0 = Debug|Any CPU
		{73B1DBF8-8A40-4F74-98AD-E7D58A947461}.Release|Any CPU.ActiveCfg = Release|Any CPU
		{73B1DBF8-8A40-4F74-98AD-E7D58A947461}.Release|Any CPU.Build.0 = Release|Any CPU
	EndGlobalSection
	GlobalSection(SolutionProperties) = preSolution
		HideSolutionNode = FALSE
	EndGlobalSection
	GlobalSection(ExtensibilityGlobals) = postSolution
		SolutionGuid = {5629EF49-4D93-40F8-A95B-2006588DCE32}
	EndGlobalSection
EndGlobal
